Microsoft Visual Studio Solution File, Format Version 11.00
# Visual Studio 2008

Project("{CDD78BA3-C34F-F97A-E00C-1F5CD74EF483}") = "HololenseHackathonLimitedMobility", "Assembly-CSharp.csproj", "{F335FA86-02DB-9443-2C6E-51DE2313E494}"
EndProject
Global
	GlobalSection(SolutionConfigurationPlatforms) = preSolution
		Debug|Any CPU = Debug|Any CPU
		Release|Any CPU = Release|Any CPU
	EndGlobalSection
	GlobalSection(ProjectConfigurationPlatforms) = postSolution
		{F335FA86-02DB-9443-2C6E-51DE2313E494}.Debug|Any CPU.ActiveCfg = Debug|Any CPU
		{F335FA86-02DB-9443-2C6E-51DE2313E494}.Debug|Any CPU.Build.0 = Debug|Any CPU
		{F335FA86-02DB-9443-2C6E-51DE2313E494}.Release|Any CPU.ActiveCfg = Release|Any CPU
		{F335FA86-02DB-9443-2C6E-51DE2313E494}.Release|Any CPU.Build.0 = Release|Any CPU
	EndGlobalSection
	GlobalSection(SolutionProperties) = preSolution
		HideSolutionNode = FALSE
	EndGlobalSection
	GlobalSection(MonoDevelopProperties) = preSolution
		StartupItem = Assembly-CSharp.csproj
	EndGlobalSection
EndGlobal
